// !$*UTF8*$!
{
	archiveVersion = 1;
	classes = {
	};
	objectVersion = 55;
	objects = {

/* Begin PBXBuildFile section */
		912A552A278F8DA20084640D /* GameItem.swift in Sources */ = {isa = PBXBuildFile; fileRef = 912A5529278F8DA20084640D /* GameItem.swift */; };
		912A552C278F8DDF0084640D /* Grid.swift in Sources */ = {isa = PBXBuildFile; fileRef = 912A552B278F8DDF0084640D /* Grid.swift */; };
		9142B7F0278DE5E00061BF5A /* StartViewController.swift in Sources */ = {isa = PBXBuildFile; fileRef = 9142B7EF278DE5E00061BF5A /* StartViewController.swift */; };
		9194F745278EEE7200B167C1 /* NetworkManager.swift in Sources */ = {isa = PBXBuildFile; fileRef = 9194F744278EEE7200B167C1 /* NetworkManager.swift */; };
		91D0F873278D7BDF004953E4 /* AppDelegate.swift in Sources */ = {isa = PBXBuildFile; fileRef = 91D0F872278D7BDF004953E4 /* AppDelegate.swift */; };
		91D0F879278D7BDF004953E4 /* GameScene.swift in Sources */ = {isa = PBXBuildFile; fileRef = 91D0F878278D7BDF004953E4 /* GameScene.swift */; };
		91D0F87B278D7BDF004953E4 /* GameViewController.swift in Sources */ = {isa = PBXBuildFile; fileRef = 91D0F87A278D7BDF004953E4 /* GameViewController.swift */; };
		91D0F87E278D7BDF004953E4 /* Main.storyboard in Resources */ = {isa = PBXBuildFile; fileRef = 91D0F87C278D7BDF004953E4 /* Main.storyboard */; };
		91D0F880278D7BE1004953E4 /* Assets.xcassets in Resources */ = {isa = PBXBuildFile; fileRef = 91D0F87F278D7BE1004953E4 /* Assets.xcassets */; };
		91D0F883278D7BE1004953E4 /* LaunchScreen.storyboard in Resources */ = {isa = PBXBuildFile; fileRef = 91D0F881278D7BE1004953E4 /* LaunchScreen.storyboard */; };
		91D0F88F278D81B4004953E4 /* Game.swift in Sources */ = {isa = PBXBuildFile; fileRef = 91D0F88E278D81B4004953E4 /* Game.swift */; };
		91D0F893278DA9A1004953E4 /* ResultViewController.swift in Sources */ = {isa = PBXBuildFile; fileRef = 91D0F891278DA9A1004953E4 /* ResultViewController.swift */; };
		91D7EDF9278DAFC5004A5D44 /* VictoryParticle.sks in Resources */ = {isa = PBXBuildFile; fileRef = 91D7EDF7278DAFC5004A5D44 /* VictoryParticle.sks */; };
		91D7EDFA278DAFC5004A5D44 /* Assets.xcassets in Resources */ = {isa = PBXBuildFile; fileRef = 91D7EDF8278DAFC5004A5D44 /* Assets.xcassets */; };
		91D7EDFC278DB071004A5D44 /* Extensions.swift in Sources */ = {isa = PBXBuildFile; fileRef = 91D7EDFB278DB071004A5D44 /* Extensions.swift */; };
/* End PBXBuildFile section */

/* Begin PBXFileReference section */
		912A5529278F8DA20084640D /* GameItem.swift */ = {isa = PBXFileReference; lastKnownFileType = sourcecode.swift; path = GameItem.swift; sourceTree = "<group>"; };
		912A552B278F8DDF0084640D /* Grid.swift */ = {isa = PBXFileReference; lastKnownFileType = sourcecode.swift; path = Grid.swift; sourceTree = "<group>"; };
		9142B7EE278DB5C80061BF5A /* Info.plist */ = {isa = PBXFileReference; lastKnownFileType = text.plist; path = Info.plist; sourceTree = "<group>"; };
		9142B7EF278DE5E00061BF5A /* StartViewController.swift */ = {isa = PBXFileReference; lastKnownFileType = sourcecode.swift; path = StartViewController.swift; sourceTree = "<group>"; };
		9194F744278EEE7200B167C1 /* NetworkManager.swift */ = {isa = PBXFileReference; lastKnownFileType = sourcecode.swift; path = NetworkManager.swift; sourceTree = "<group>"; };
		91D0F86F278D7BDF004953E4 /* FollowOrder.app */ = {isa = PBXFileReference; explicitFileType = wrapper.application; includeInIndex = 0; path = FollowOrder.app; sourceTree = BUILT_PRODUCTS_DIR; };
		91D0F872278D7BDF004953E4 /* AppDelegate.swift */ = {isa = PBXFileReference; lastKnownFileType = sourcecode.swift; path = AppDelegate.swift; sourceTree = "<group>"; };
		91D0F878278D7BDF004953E4 /* GameScene.swift */ = {isa = PBXFileReference; lastKnownFileType = sourcecode.swift; path = GameScene.swift; sourceTree = "<group>"; };
		91D0F87A278D7BDF004953E4 /* GameViewController.swift */ = {isa = PBXFileReference; lastKnownFileType = sourcecode.swift; path = GameViewController.swift; sourceTree = "<group>"; };
		91D0F87D278D7BDF004953E4 /* Base */ = {isa = PBXFileReference; lastKnownFileType = file.storyboard; name = Base; path = Base.lproj/Main.storyboard; sourceTree = "<group>"; };
		91D0F87F278D7BE1004953E4 /* Assets.xcassets */ = {isa = PBXFileReference; lastKnownFileType = folder.assetcatalog; path = Assets.xcassets; sourceTree = "<group>"; };
		91D0F882278D7BE1004953E4 /* Base */ = {isa = PBXFileReference; lastKnownFileType = file.storyboard; name = Base; path = Base.lproj/LaunchScreen.storyboard; sourceTree = "<group>"; };
		91D0F88E278D81B4004953E4 /* Game.swift */ = {isa = PBXFileReference; fileEncoding = 4; lastKnownFileType = sourcecode.swift; path = Game.swift; sourceTree = "<group>"; };
		91D0F891278DA9A1004953E4 /* ResultViewController.swift */ = {isa = PBXFileReference; lastKnownFileType = sourcecode.swift; path = ResultViewController.swift; sourceTree = "<group>"; };
		91D7EDF7278DAFC5004A5D44 /* VictoryParticle.sks */ = {isa = PBXFileReference; lastKnownFileType = file.sks; path = VictoryParticle.sks; sourceTree = "<group>"; };
		91D7EDF8278DAFC5004A5D44 /* Assets.xcassets */ = {isa = PBXFileReference; lastKnownFileType = folder.assetcatalog; path = Assets.xcassets; sourceTree = "<group>"; };
		91D7EDFB278DB071004A5D44 /* Extensions.swift */ = {isa = PBXFileReference; fileEncoding = 4; lastKnownFileType = sourcecode.swift; path = Extensions.swift; sourceTree = "<group>"; };
/* End PBXFileReference section */

/* Begin PBXFrameworksBuildPhase section */
		91D0F86C278D7BDF004953E4 /* Frameworks */ = {
			isa = PBXFrameworksBuildPhase;
			buildActionMask = 2147483647;
			files = (
			);
			runOnlyForDeploymentPostprocessing = 0;
		};
/* End PBXFrameworksBuildPhase section */

/* Begin PBXGroup section */
		912A5528278F8D870084640D /* SpriteNodes */ = {
			isa = PBXGroup;
			children = (
				912A5529278F8DA20084640D /* GameItem.swift */,
				912A552B278F8DDF0084640D /* Grid.swift */,
			);
			path = SpriteNodes;
			sourceTree = "<group>";
		};
		91D0F866278D7BDF004953E4 = {
			isa = PBXGroup;
			children = (
				91D0F871278D7BDF004953E4 /* FollowOrder */,
				91D0F870278D7BDF004953E4 /* Products */,
			);
			sourceTree = "<group>";
		};
		91D0F870278D7BDF004953E4 /* Products */ = {
			isa = PBXGroup;
			children = (
				91D0F86F278D7BDF004953E4 /* FollowOrder.app */,
			);
			name = Products;
			sourceTree = "<group>";
		};
		91D0F871278D7BDF004953E4 /* FollowOrder */ = {
			isa = PBXGroup;
			children = (
				912A5528278F8D870084640D /* SpriteNodes */,
				9142B7EE278DB5C80061BF5A /* Info.plist */,
				91D7EDF6278DAF7D004A5D44 /* Particles */,
				91D0F88D278D81A7004953E4 /* Models */,
				91D0F88C278D7C74004953E4 /* Controllers */,
				91D0F88B278D7C2F004953E4 /* Resources */,
				91D0F88A278D7C08004953E4 /* Views */,
				91D0F889278D7BED004953E4 /* Scenes */,
			);
			path = FollowOrder;
			sourceTree = "<group>";
		};
		91D0F889278D7BED004953E4 /* Scenes */ = {
			isa = PBXGroup;
			children = (
				91D0F878278D7BDF004953E4 /* GameScene.swift */,
			);
			path = Scenes;
			sourceTree = "<group>";
		};
		91D0F88A278D7C08004953E4 /* Views */ = {
			isa = PBXGroup;
			children = (
				91D0F87F278D7BE1004953E4 /* Assets.xcassets */,
				91D0F87C278D7BDF004953E4 /* Main.storyboard */,
				91D0F881278D7BE1004953E4 /* LaunchScreen.storyboard */,
			);
			path = Views;
			sourceTree = "<group>";
		};
		91D0F88B278D7C2F004953E4 /* Resources */ = {
			isa = PBXGroup;
			children = (
				91D0F872278D7BDF004953E4 /* AppDelegate.swift */,
				91D7EDFB278DB071004A5D44 /* Extensions.swift */,
				9194F744278EEE7200B167C1 /* NetworkManager.swift */,
			);
			path = Resources;
			sourceTree = "<group>";
		};
		91D0F88C278D7C74004953E4 /* Controllers */ = {
			isa = PBXGroup;
			children = (
				91D0F87A278D7BDF004953E4 /* GameViewController.swift */,
				91D0F891278DA9A1004953E4 /* ResultViewController.swift */,
				9142B7EF278DE5E00061BF5A /* StartViewController.swift */,
			);
			path = Controllers;
			sourceTree = "<group>";
		};
		91D0F88D278D81A7004953E4 /* Models */ = {
			isa = PBXGroup;
			children = (
				91D0F88E278D81B4004953E4 /* Game.swift */,
			);
			path = Models;
			sourceTree = "<group>";
		};
		91D7EDF6278DAF7D004A5D44 /* Particles */ = {
			isa = PBXGroup;
			children = (
				91D7EDF8278DAFC5004A5D44 /* Assets.xcassets */,
				91D7EDF7278DAFC5004A5D44 /* VictoryParticle.sks */,
			);
			path = Particles;
			sourceTree = "<group>";
		};
/* End PBXGroup section */

/* Begin PBXNativeTarget section */
		91D0F86E278D7BDF004953E4 /* FollowOrder */ = {
			isa = PBXNativeTarget;
			buildConfigurationList = 91D0F886278D7BE1004953E4 /* Build configuration list for PBXNativeTarget "FollowOrder" */;
			buildPhases = (
				91D0F86B278D7BDF004953E4 /* Sources */,
				91D0F86C278D7BDF004953E4 /* Frameworks */,
				91D0F86D278D7BDF004953E4 /* Resources */,
			);
			buildRules = (
			);
			dependencies = (
			);
			name = FollowOrder;
			productName = FollowOrder;
			productReference = 91D0F86F278D7BDF004953E4 /* FollowOrder.app */;
			productType = "com.apple.product-type.application";
		};
/* End PBXNativeTarget section */

/* Begin PBXProject section */
		91D0F867278D7BDF004953E4 /* Project object */ = {
			isa = PBXProject;
			attributes = {
				BuildIndependentTargetsInParallel = 1;
				LastSwiftUpdateCheck = 1310;
				LastUpgradeCheck = 1310;
				TargetAttributes = {
					91D0F86E278D7BDF004953E4 = {
						CreatedOnToolsVersion = 13.1;
					};
				};
			};
			buildConfigurationList = 91D0F86A278D7BDF004953E4 /* Build configuration list for PBXProject "FollowOrder" */;
			compatibilityVersion = "Xcode 13.0";
			developmentRegion = en;
			hasScannedForEncodings = 0;
			knownRegions = (
				en,
				Base,
			);
			mainGroup = 91D0F866278D7BDF004953E4;
			productRefGroup = 91D0F870278D7BDF004953E4 /* Products */;
			projectDirPath = "";
			projectRoot = "";
			targets = (
				91D0F86E278D7BDF004953E4 /* FollowOrder */,
			);
		};
/* End PBXProject section */

/* Begin PBXResourcesBuildPhase section */
		91D0F86D278D7BDF004953E4 /* Resources */ = {
			isa = PBXResourcesBuildPhase;
			buildActionMask = 2147483647;
			files = (
				91D7EDF9278DAFC5004A5D44 /* VictoryParticle.sks in Resources */,
				91D0F87E278D7BDF004953E4 /* Main.storyboard in Resources */,
				91D0F880278D7BE1004953E4 /* Assets.xcassets in Resources */,
				91D7EDFA278DAFC5004A5D44 /* Assets.xcassets in Resources */,
				91D0F883278D7BE1004953E4 /* LaunchScreen.storyboard in Resources */,
			);
			runOnlyForDeploymentPostprocessing = 0;
		};
/* End PBXResourcesBuildPhase section */

/* Begin PBXSourcesBuildPhase section */
		91D0F86B278D7BDF004953E4 /* Sources */ = {
			isa = PBXSourcesBuildPhase;
			buildActionMask = 2147483647;
			files = (
				91D0F893278DA9A1004953E4 /* ResultViewController.swift in Sources */,
				9142B7F0278DE5E00061BF5A /* StartViewController.swift in Sources */,
				91D7EDFC278DB071004A5D44 /* Extensions.swift in Sources */,
				912A552C278F8DDF0084640D /* Grid.swift in Sources */,
				91D0F879278D7BDF004953E4 /* GameScene.swift in Sources */,
				9194F745278EEE7200B167C1 /* NetworkManager.swift in Sources */,
				91D0F87B278D7BDF004953E4 /* GameViewController.swift in Sources */,
				91D0F873278D7BDF004953E4 /* AppDelegate.swift in Sources */,
				91D0F88F278D81B4004953E4 /* Game.swift in Sources */,
				912A552A278F8DA20084640D /* GameItem.swift in Sources */,
			);
			runOnlyForDeploymentPostprocessing = 0;
		};
/* End PBXSourcesBuildPhase section */

/* Begin PBXVariantGroup section */
		91D0F87C278D7BDF004953E4 /* Main.storyboard */ = {
			isa = PBXVariantGroup;
			children = (
				91D0F87D278D7BDF004953E4 /* Base */,
			);
			name = Main.storyboard;
			sourceTree = "<group>";
		};
		91D0F881278D7BE1004953E4 /* LaunchScreen.storyboard */ = {
			isa = PBXVariantGroup;
			children = (
				91D0F882278D7BE1004953E4 /* Base */,
			);
			name = LaunchScreen.storyboard;
			sourceTree = "<group>";
		};
/* End PBXVariantGroup section */

/* Begin XCBuildConfiguration section */
		91D0F884278D7BE1004953E4 /* Debug */ = {
			isa = XCBuildConfiguration;
			buildSettings = {
				ALWAYS_SEARCH_USER_PATHS = NO;
				CLANG_ANALYZER_NONNULL = YES;
				CLANG_ANALYZER_NUMBER_OBJECT_CONVERSION = YES_AGGRESSIVE;
				CLANG_CXX_LANGUAGE_STANDARD = "gnu++17";
				CLANG_CXX_LIBRARY = "libc++";
				CLANG_ENABLE_MODULES = YES;
				CLANG_ENABLE_OBJC_ARC = YES;
				CLANG_ENABLE_OBJC_WEAK = YES;
				CLANG_WARN_BLOCK_CAPTURE_AUTORELEASING = YES;
				CLANG_WARN_BOOL_CONVERSION = YES;
				CLANG_WARN_COMMA = YES;
				CLANG_WARN_CONSTANT_CONVERSION = YES;
				CLANG_WARN_DEPRECATED_OBJC_IMPLEMENTATIONS = YES;
				CLANG_WARN_DIRECT_OBJC_ISA_USAGE = YES_ERROR;
				CLANG_WARN_DOCUMENTATION_COMMENTS = YES;
				CLANG_WARN_EMPTY_BODY = YES;
				CLANG_WARN_ENUM_CONVERSION = YES;
				CLANG_WARN_INFINITE_RECURSION = YES;
				CLANG_WARN_INT_CONVERSION = YES;
				CLANG_WARN_NON_LITERAL_NULL_CONVERSION = YES;
				CLANG_WARN_OBJC_IMPLICIT_RETAIN_SELF = YES;
				CLANG_WARN_OBJC_LITERAL_CONVERSION = YES;
				CLANG_WARN_OBJC_ROOT_CLASS = YES_ERROR;
				CLANG_WARN_QUOTED_INCLUDE_IN_FRAMEWORK_HEADER = YES;
				CLANG_WARN_RANGE_LOOP_ANALYSIS = YES;
				CLANG_WARN_STRICT_PROTOTYPES = YES;
				CLANG_WARN_SUSPICIOUS_MOVE = YES;
				CLANG_WARN_UNGUARDED_AVAILABILITY = YES_AGGRESSIVE;
				CLANG_WARN_UNREACHABLE_CODE = YES;
				CLANG_WARN__DUPLICATE_METHOD_MATCH = YES;
				COPY_PHASE_STRIP = NO;
				DEBUG_INFORMATION_FORMAT = dwarf;
				ENABLE_STRICT_OBJC_MSGSEND = YES;
				ENABLE_TESTABILITY = YES;
				GCC_C_LANGUAGE_STANDARD = gnu11;
				GCC_DYNAMIC_NO_PIC = NO;
				GCC_NO_COMMON_BLOCKS = YES;
				GCC_OPTIMIZATION_LEVEL = 0;
				GCC_PREPROCESSOR_DEFINITIONS = (
					"DEBUG=1",
					"$(inherited)",
				);
				GCC_WARN_64_TO_32_BIT_CONVERSION = YES;
				GCC_WARN_ABOUT_RETURN_TYPE = YES_ERROR;
				GCC_WARN_UNDECLARED_SELECTOR = YES;
				GCC_WARN_UNINITIALIZED_AUTOS = YES_AGGRESSIVE;
				GCC_WARN_UNUSED_FUNCTION = YES;
				GCC_WARN_UNUSED_VARIABLE = YES;
				IPHONEOS_DEPLOYMENT_TARGET = 15.0;
				MTL_ENABLE_DEBUG_INFO = INCLUDE_SOURCE;
				MTL_FAST_MATH = YES;
				ONLY_ACTIVE_ARCH = YES;
				SDKROOT = iphoneos;
				SWIFT_ACTIVE_COMPILATION_CONDITIONS = DEBUG;
				SWIFT_OPTIMIZATION_LEVEL = "-Onone";
			};
			name = Debug;
		};
		91D0F885278D7BE1004953E4 /* Release */ = {
			isa = XCBuildConfiguration;
			buildSettings = {
				ALWAYS_SEARCH_USER_PATHS = NO;
				CLANG_ANALYZER_NONNULL = YES;
				CLANG_ANALYZER_NUMBER_OBJECT_CONVERSION = YES_AGGRESSIVE;
				CLANG_CXX_LANGUAGE_STANDARD = "gnu++17";
				CLANG_CXX_LIBRARY = "libc++";
				CLANG_ENABLE_MODULES = YES;
				CLANG_ENABLE_OBJC_ARC = YES;
				CLANG_ENABLE_OBJC_WEAK = YES;
				CLANG_WARN_BLOCK_CAPTURE_AUTORELEASING = YES;
				CLANG_WARN_BOOL_CONVERSION = YES;
				CLANG_WARN_COMMA = YES;
				CLANG_WARN_CONSTANT_CONVERSION = YES;
				CLANG_WARN_DEPRECATED_OBJC_IMPLEMENTATIONS = YES;
				CLANG_WARN_DIRECT_OBJC_ISA_USAGE = YES_ERROR;
				CLANG_WARN_DOCUMENTATION_COMMENTS = YES;
				CLANG_WARN_EMPTY_BODY = YES;
				CLANG_WARN_ENUM_CONVERSION = YES;
				CLANG_WARN_INFINITE_RECURSION = YES;
				CLANG_WARN_INT_CONVERSION = YES;
				CLANG_WARN_NON_LITERAL_NULL_CONVERSION = YES;
				CLANG_WARN_OBJC_IMPLICIT_RETAIN_SELF = YES;
				CLANG_WARN_OBJC_LITERAL_CONVERSION = YES;
				CLANG_WARN_OBJC_ROOT_CLASS = YES_ERROR;
				CLANG_WARN_QUOTED_INCLUDE_IN_FRAMEWORK_HEADER = YES;
				CLANG_WARN_RANGE_LOOP_ANALYSIS = YES;
				CLANG_WARN_STRICT_PROTOTYPES = YES;
				CLANG_WARN_SUSPICIOUS_MOVE = YES;
				CLANG_WARN_UNGUARDED_AVAILABILITY = YES_AGGRESSIVE;
				CLANG_WARN_UNREACHABLE_CODE = YES;
				CLANG_WARN__DUPLICATE_METHOD_MATCH = YES;
				COPY_PHASE_STRIP = NO;
				DEBUG_INFORMATION_FORMAT = "dwarf-with-dsym";
				ENABLE_NS_ASSERTIONS = NO;
				ENABLE_STRICT_OBJC_MSGSEND = YES;
				GCC_C_LANGUAGE_STANDARD = gnu11;
				GCC_NO_COMMON_BLOCKS = YES;
				GCC_WARN_64_TO_32_BIT_CONVERSION = YES;
				GCC_WARN_ABOUT_RETURN_TYPE = YES_ERROR;
				GCC_WARN_UNDECLARED_SELECTOR = YES;
				GCC_WARN_UNINITIALIZED_AUTOS = YES_AGGRESSIVE;
				GCC_WARN_UNUSED_FUNCTION = YES;
				GCC_WARN_UNUSED_VARIABLE = YES;
				IPHONEOS_DEPLOYMENT_TARGET = 15.0;
				MTL_ENABLE_DEBUG_INFO = NO;
				MTL_FAST_MATH = YES;
				SDKROOT = iphoneos;
				SWIFT_COMPILATION_MODE = wholemodule;
				SWIFT_OPTIMIZATION_LEVEL = "-O";
				VALIDATE_PRODUCT = YES;
			};
			name = Release;
		};
		91D0F887278D7BE1004953E4 /* Debug */ = {
			isa = XCBuildConfiguration;
			buildSettings = {
				ASSETCATALOG_COMPILER_APPICON_NAME = AppIcon;
				ASSETCATALOG_COMPILER_GLOBAL_ACCENT_COLOR_NAME = AccentColor;
				CODE_SIGN_STYLE = Automatic;
				CURRENT_PROJECT_VERSION = 1;
				DEVELOPMENT_TEAM = 8ZYH9A6QJL;
				GENERATE_INFOPLIST_FILE = YES;
				INFOPLIST_FILE = FollowOrder/Info.plist;
				INFOPLIST_KEY_UIApplicationSupportsIndirectInputEvents = YES;
				INFOPLIST_KEY_UILaunchStoryboardName = LaunchScreen;
				INFOPLIST_KEY_UIMainStoryboardFile = Main;
				INFOPLIST_KEY_UIStatusBarHidden = YES;
				INFOPLIST_KEY_UISupportedInterfaceOrientations = UIInterfaceOrientationPortrait;
				INFOPLIST_KEY_UISupportedInterfaceOrientations_iPad = "UIInterfaceOrientationPortrait UIInterfaceOrientationPortraitUpsideDown UIInterfaceOrientationLandscapeLeft UIInterfaceOrientationLandscapeRight";
				INFOPLIST_KEY_UISupportedInterfaceOrientations_iPhone = "UIInterfaceOrientationPortrait UIInterfaceOrientationLandscapeLeft UIInterfaceOrientationLandscapeRight";
				LD_RUNPATH_SEARCH_PATHS = (
					"$(inherited)",
					"@executable_path/Frameworks",
				);
				MARKETING_VERSION = 1.0;
				PRODUCT_BUNDLE_IDENTIFIER = "com.Vlad-Akymenko.FollowOrder";
				PRODUCT_NAME = "$(TARGET_NAME)";
				SWIFT_EMIT_LOC_STRINGS = YES;
				SWIFT_VERSION = 5.0;
				TARGETED_DEVICE_FAMILY = "1,2";
			};
			name = Debug;
		};
		91D0F888278D7BE1004953E4 /* Release */ = {
			isa = XCBuildConfiguration;
			buildSettings = {
				ASSETCATALOG_COMPILER_APPICON_NAME = AppIcon;
				ASSETCATALOG_COMPILER_GLOBAL_ACCENT_COLOR_NAME = AccentColor;
				CODE_SIGN_STYLE = Automatic;
				CURRENT_PROJECT_VERSION = 1;
				DEVELOPMENT_TEAM = 8ZYH9A6QJL;
				GENERATE_INFOPLIST_FILE = YES;
				INFOPLIST_FILE = FollowOrder/Info.plist;
				INFOPLIST_KEY_UIApplicationSupportsIndirectInputEvents = YES;
				INFOPLIST_KEY_UILaunchStoryboardName = LaunchScreen;
				INFOPLIST_KEY_UIMainStoryboardFile = Main;
				INFOPLIST_KEY_UIStatusBarHidden = YES;
				INFOPLIST_KEY_UISupportedInterfaceOrientations = UIInterfaceOrientationPortrait;
				INFOPLIST_KEY_UISupportedInterfaceOrientations_iPad = "UIInterfaceOrientationPortrait UIInterfaceOrientationPortraitUpsideDown UIInterfaceOrientationLandscapeLeft UIInterfaceOrientationLandscapeRight";
				INFOPLIST_KEY_UISupportedInterfaceOrientations_iPhone = "UIInterfaceOrientationPortrait UIInterfaceOrientationLandscapeLeft UIInterfaceOrientationLandscapeRight";
				LD_RUNPATH_SEARCH_PATHS = (
					"$(inherited)",
					"@executable_path/Frameworks",
				);
				MARKETING_VERSION = 1.0;
				PRODUCT_BUNDLE_IDENTIFIER = "com.Vlad-Akymenko.FollowOrder";
				PRODUCT_NAME = "$(TARGET_NAME)";
				SWIFT_EMIT_LOC_STRINGS = YES;
				SWIFT_VERSION = 5.0;
				TARGETED_DEVICE_FAMILY = "1,2";
			};
			name = Release;
		};
/* End XCBuildConfiguration section */

/* Begin XCConfigurationList section */
		91D0F86A278D7BDF004953E4 /* Build configuration list for PBXProject "FollowOrder" */ = {
			isa = XCConfigurationList;
			buildConfigurations = (
				91D0F884278D7BE1004953E4 /* Debug */,
				91D0F885278D7BE1004953E4 /* Release */,
			);
			defaultConfigurationIsVisible = 0;
			defaultConfigurationName = Release;
		};
		91D0F886278D7BE1004953E4 /* Build configuration list for PBXNativeTarget "FollowOrder" */ = {
			isa = XCConfigurationList;
			buildConfigurations = (
				91D0F887278D7BE1004953E4 /* Debug */,
				91D0F888278D7BE1004953E4 /* Release */,
			);
			defaultConfigurationIsVisible = 0;
			defaultConfigurationName = Release;
		};
/* End XCConfigurationList section */
	};
	rootObject = 91D0F867278D7BDF004953E4 /* Project object */;
}
